
Microsoft Visual Studio Solution File, Format Version 12.00
# Visual Studio Version 16
VisualStudioVersion = 16.0.30413.136
MinimumVisualStudioVersion = 10.0.40219.1
Project("{FAE04EC0-301F-11D3-BF4B-00C04F79EFBC}") = "ControlProjects", "ControlProjects\ControlProjects.csproj", "{62C302DC-AE52-4C12-8CD4-2AC0091FEECB}"
EndProject
Global
	GlobalSection(SolutionConfigurationPlatforms) = preSolution
		Debug|Any CPU = Debug|Any CPU
		Release|Any CPU = Release|Any CPU
	EndGlobalSection
	GlobalSection(ProjectConfigurationPlatforms) = postSolution
		{62C302DC-AE52-4C12-8CD4-2AC0091FEECB}.Debug|Any CPU.ActiveCfg = Debug|Any CPU
		{62C302DC-AE52-4C12-8CD4-2AC0091FEECB}.Debug|Any CPU.Build.0 = Debug|Any CPU
		{62C302DC-AE52-4C12-8CD4-2AC0091FEECB}.Release|Any CPU.ActiveCfg = Release|Any CPU
		{62C302DC-AE52-4C12-8CD4-2AC0091FEECB}.Release|Any CPU.Build.0 = Release|Any CPU
	EndGlobalSection
	GlobalSection(SolutionProperties) = preSolution
		HideSolutionNode = FALSE
	EndGlobalSection
	GlobalSection(ExtensibilityGlobals) = postSolution
		SolutionGuid = {AA08EE65-A7CB-4387-9EEF-81F7F32784AC}
	EndGlobalSection
EndGlobal
